
Microsoft Visual Studio Solution File, Format Version 12.00
# Visual Studio Version 16
VisualStudioVersion = 16.0.30413.136
MinimumVisualStudioVersion = 10.0.40219.1
Project("{8BC9CEB8-8B4A-11D0-8D11-00A0C91BC942}") = "Combustion", "Combustion\Combustion.vcxproj", "{44E8C55E-CD0E-4794-9DE2-BD75AD31C983}"
EndProject
Project("{8BC9CEB8-8B4A-11D0-8D11-00A0C91BC942}") = "Sandbox", "Sandbox\Sandbox.vcxproj", "{8C1D902D-978C-4329-AB4F-7EF0E124C43C}"
EndProject
Global
	GlobalSection(SolutionConfigurationPlatforms) = preSolution
		Debug|x64 = Debug|x64
		Debug|x86 = Debug|x86
		Release|x64 = Release|x64
		Release|x86 = Release|x86
	EndGlobalSection
	GlobalSection(ProjectConfigurationPlatforms) = postSolution
		{44E8C55E-CD0E-4794-9DE2-BD75AD31C983}.Debug|x64.ActiveCfg = Debug|x64
		{44E8C55E-CD0E-4794-9DE2-BD75AD31C983}.Debug|x64.Build.0 = Debug|x64
		{44E8C55E-CD0E-4794-9DE2-BD75AD31C983}.Debug|x86.ActiveCfg = Debug|Win32
		{44E8C55E-CD0E-4794-9DE2-BD75AD31C983}.Debug|x86.Build.0 = Debug|Win32
		{44E8C55E-CD0E-4794-9DE2-BD75AD31C983}.Release|x64.ActiveCfg = Release|x64
		{44E8C55E-CD0E-4794-9DE2-BD75AD31C983}.Release|x64.Build.0 = Release|x64
		{44E8C55E-CD0E-4794-9DE2-BD75AD31C983}.Release|x86.ActiveCfg = Release|x64
		{8C1D902D-978C-4329-AB4F-7EF0E124C43C}.Debug|x64.ActiveCfg = Debug|x64
		{8C1D902D-978C-4329-AB4F-7EF0E124C43C}.Debug|x64.Build.0 = Debug|x64
		{8C1D902D-978C-4329-AB4F-7EF0E124C43C}.Debug|x86.ActiveCfg = Debug|Win32
		{8C1D902D-978C-4329-AB4F-7EF0E124C43C}.Debug|x86.Build.0 = Debug|Win32
		{8C1D902D-978C-4329-AB4F-7EF0E124C43C}.Release|x64.ActiveCfg = Release|x64
		{8C1D902D-978C-4329-AB4F-7EF0E124C43C}.Release|x64.Build.0 = Release|x64
		{8C1D902D-978C-4329-AB4F-7EF0E124C43C}.Release|x86.ActiveCfg = Release|Win32
		{8C1D902D-978C-4329-AB4F-7EF0E124C43C}.Release|x86.Build.0 = Release|Win32
	EndGlobalSection
	GlobalSection(SolutionProperties) = preSolution
		HideSolutionNode = FALSE
	EndGlobalSection
	GlobalSection(ExtensibilityGlobals) = postSolution
		SolutionGuid = {1E984AC3-6178-4E12-B129-C53E74DF255D}
	EndGlobalSection
EndGlobal
