<?xml version="1.0" encoding="utf-8"?>
<Project ToolsVersion="4.0" xmlns="http://schemas.microsoft.com/developer/msbuild/2003">
  <ItemGroup>
    <Filter Include="Combustion">
      <UniqueIdentifier>{E8BC87EF-D474-C93C-3D7C-A2982953642D}</UniqueIdentifier>
    </Filter>
    <Filter Include="Combustion\Events">
      <UniqueIdentifier>{CCD31A91-38EA-1827-8161-A448EDB6E9AE}</UniqueIdentifier>
    </Filter>
  </ItemGroup>
  <ItemGroup>
    <ClInclude Include="src\Combustion.h" />
    <ClInclude Include="src\Combustion\Application.h">
      <Filter>Combustion</Filter>
    </ClInclude>
    <ClInclude Include="src\Combustion\Core.h">
      <Filter>Combustion</Filter>
    </ClInclude>
    <ClInclude Include="src\Combustion\EntryPoint.h">
      <Filter>Combustion</Filter>
    </ClInclude>
    <ClInclude Include="src\Combustion\Events\ApplicationEvent.h">
      <Filter>Combustion\Events</Filter>
    </ClInclude>
    <ClInclude Include="src\Combustion\Events\Event.h">
      <Filter>Combustion\Events</Filter>
    </ClInclude>
    <ClInclude Include="src\Combustion\Events\KeyEvent.h">
      <Filter>Combustion\Events</Filter>
    </ClInclude>
    <ClInclude Include="src\Combustion\Events\MouseEvent.h">
      <Filter>Combustion\Events</Filter>
    </ClInclude>
    <ClInclude Include="src\Combustion\Log.h">
      <Filter>Combustion</Filter>
    </ClInclude>
    <ClInclude Include="src\cbpch.h" />
  </ItemGroup>
  <ItemGroup>
    <ClCompile Include="src\Combustion\Application.cpp">
      <Filter>Combustion</Filter>
    </ClCompile>
    <ClCompile Include="src\Combustion\Log.cpp">
      <Filter>Combustion</Filter>
    </ClCompile>
    <ClCompile Include="src\cbpch.cpp" />
  </ItemGroup>
</Project>